github.com/mattn/go-sqlite3 v1.14.32 h1:JD12Ag3oLy1zQA+BNn74xRgaBbdhbNIDYvQUEuuErjs=
github.com/mattn/go-sqlite3 v1.14.32/go.mod h1:Uh1q+B4BYcTPb+yiD3kU8Ct7aC0hY9fxUwlHK0RXw+Y=
github.com/taylorskalyo/goreader v1.0.1 h1:eS9SYiHai2aAHhm+YMGRTqrvNt2aoRMTd7p6ftm0crY=
github.com/taylorskalyo/goreader v1.0.1/go.mod h1:JrUsWCgnk4C3P5Jsr7Pf2mFrMpsR0ls/0bjR5aorYTI=
